PODS:
  - SOXSegmentControl (0.1.0)

DEPENDENCIES:
  - SOXSegmentControl (from `../`)

EXTERNAL SOURCES:
  SOXSegmentControl:
    :path: "../"

SPEC CHECKSUMS:
  SOXSegmentControl: b595448cafd8bbbe58331a6ee07f7ea877c627cb

PODFILE CHECKSUM: 97f030a757d7fed6895bfb6d6845f658d60bddcc

COCOAPODS: 1.9.1
